// !$*UTF8*$!
{
	archiveVersion = 1;
	classes = {
	};
	objectVersion = 55;
	objects = {

/* Begin PBXBuildFile section */
		A757A017277C440700465551 /* LogoVC.swift in Sources */ = {isa = PBXBuildFile; fileRef = A757A016277C440700465551 /* LogoVC.swift */; };
		A757A019277C445700465551 /* LogoTVCell.swift in Sources */ = {isa = PBXBuildFile; fileRef = A757A018277C445700465551 /* LogoTVCell.swift */; };
		A778888C27784BDB0034E303 /* VideoVC.swift in Sources */ = {isa = PBXBuildFile; fileRef = A778888B27784BDB0034E303 /* VideoVC.swift */; };
		A778888E27784CFA0034E303 /* ProfileTVC.swift in Sources */ = {isa = PBXBuildFile; fileRef = A778888D27784CFA0034E303 /* ProfileTVC.swift */; };
		A778889827787CFE0034E303 /* SignInVC.swift in Sources */ = {isa = PBXBuildFile; fileRef = A778889727787CFE0034E303 /* SignInVC.swift */; };
		A778889A27787E950034E303 /* User.swift in Sources */ = {isa = PBXBuildFile; fileRef = A778889927787E950034E303 /* User.swift */; };
		A778889C27787EED0034E303 /* UserApi.swift in Sources */ = {isa = PBXBuildFile; fileRef = A778889B27787EED0034E303 /* UserApi.swift */; };
		A778889E27787F610034E303 /* Icons.swift in Sources */ = {isa = PBXBuildFile; fileRef = A778889D27787F610034E303 /* Icons.swift */; };
		A77888A1277880250034E303 /* SignUpVC.swift in Sources */ = {isa = PBXBuildFile; fileRef = A77888A0277880250034E303 /* SignUpVC.swift */; };
		A783CD6627774BD000D1503B /* AppDelegate.swift in Sources */ = {isa = PBXBuildFile; fileRef = A783CD6527774BD000D1503B /* AppDelegate.swift */; };
		A783CD6827774BD000D1503B /* SceneDelegate.swift in Sources */ = {isa = PBXBuildFile; fileRef = A783CD6727774BD000D1503B /* SceneDelegate.swift */; };
		A783CD6A27774BD000D1503B /* HomePageVC.swift in Sources */ = {isa = PBXBuildFile; fileRef = A783CD6927774BD000D1503B /* HomePageVC.swift */; };
		A783CD6D27774BD000D1503B /* Main.storyboard in Resources */ = {isa = PBXBuildFile; fileRef = A783CD6B27774BD000D1503B /* Main.storyboard */; };
		A783CD7227774BD300D1503B /* Assets.xcassets in Resources */ = {isa = PBXBuildFile; fileRef = A783CD7127774BD300D1503B /* Assets.xcassets */; };
		A783CD7527774BD300D1503B /* LaunchScreen.storyboard in Resources */ = {isa = PBXBuildFile; fileRef = A783CD7327774BD300D1503B /* LaunchScreen.storyboard */; };
		A783CD80277755A400D1503B /* FirebaseAnalytics in Frameworks */ = {isa = PBXBuildFile; productRef = A783CD7F277755A400D1503B /* FirebaseAnalytics */; };
		A783CD82277755A400D1503B /* FirebaseAnalyticsSwift-Beta in Frameworks */ = {isa = PBXBuildFile; productRef = A783CD81277755A400D1503B /* FirebaseAnalyticsSwift-Beta */; };
		A783CD84277755A400D1503B /* FirebaseAuth in Frameworks */ = {isa = PBXBuildFile; productRef = A783CD83277755A400D1503B /* FirebaseAuth */; };
		A783CD86277755A400D1503B /* FirebaseFirestore in Frameworks */ = {isa = PBXBuildFile; productRef = A783CD85277755A400D1503B /* FirebaseFirestore */; };
		A783CD9527779FED00D1503B /* HomeVC.swift in Sources */ = {isa = PBXBuildFile; fileRef = A783CD9427779FED00D1503B /* HomeVC.swift */; };
		A79BDC982779AFD60029DADA /* CreateProfileVC.swift in Sources */ = {isa = PBXBuildFile; fileRef = A79BDC972779AFD60029DADA /* CreateProfileVC.swift */; };
		A79BDC9A2779B41E0029DADA /* CachingProfileManager.swift in Sources */ = {isa = PBXBuildFile; fileRef = A79BDC992779B41E0029DADA /* CachingProfileManager.swift */; };
		A79BDC9C277A252E0029DADA /* SearchVC.swift in Sources */ = {isa = PBXBuildFile; fileRef = A79BDC9B277A252E0029DADA /* SearchVC.swift */; };
		A79BDCA2277B129D0029DADA /* Search+EX.swift in Sources */ = {isa = PBXBuildFile; fileRef = A79BDCA1277B129D0029DADA /* Search+EX.swift */; };
		A79BDCA4277B17780029DADA /* Search+CollectionV.swift in Sources */ = {isa = PBXBuildFile; fileRef = A79BDCA3277B17780029DADA /* Search+CollectionV.swift */; };
		A79BDCA6277B17AC0029DADA /* CollectioViewCell.swift in Sources */ = {isa = PBXBuildFile; fileRef = A79BDCA5277B17AC0029DADA /* CollectioViewCell.swift */; };
		A79BDCA9277B1B000029DADA /* DownloadIconVC.swift in Sources */ = {isa = PBXBuildFile; fileRef = A79BDCA8277B1B000029DADA /* DownloadIconVC.swift */; };
		A79BDCAF277B3A050029DADA /* GoogleService-Info.plist in Resources */ = {isa = PBXBuildFile; fileRef = A79BDCAE277B3A040029DADA /* GoogleService-Info.plist */; };
		A79BDCB2277B49DF0029DADA /* SideMenu in Frameworks */ = {isa = PBXBuildFile; productRef = A79BDCB1277B49DF0029DADA /* SideMenu */; };
		A79BDCB4277B4E670029DADA /* TableMuneTVC.swift in Sources */ = {isa = PBXBuildFile; fileRef = A79BDCB3277B4E670029DADA /* TableMuneTVC.swift */; };
		A7A2EA20278581AB00F01CBD /* FirebaseFirestoreSwift-Beta in Frameworks */ = {isa = PBXBuildFile; productRef = A7A2EA1F278581AB00F01CBD /* FirebaseFirestoreSwift-Beta */; };
		A7A2EA22278581B500F01CBD /* FirebaseStorage in Frameworks */ = {isa = PBXBuildFile; productRef = A7A2EA21278581B500F01CBD /* FirebaseStorage */; };
		A7A2EA24278581C000F01CBD /* FirebaseStorageSwift-Beta in Frameworks */ = {isa = PBXBuildFile; productRef = A7A2EA23278581C000F01CBD /* FirebaseStorageSwift-Beta */; };
		A7A2EA29278614CB00F01CBD /* YourCommentVC.swift in Sources */ = {isa = PBXBuildFile; fileRef = A7A2EA28278614CB00F01CBD /* YourCommentVC.swift */; };
		A7A2EA2B27862A6100F01CBD /* YourCommentTVCell.swift in Sources */ = {isa = PBXBuildFile; fileRef = A7A2EA2A27862A6100F01CBD /* YourCommentTVCell.swift */; };
		A7BAA458278D59A200B296EB /* LocalizableVC.swift in Sources */ = {isa = PBXBuildFile; fileRef = A7BAA457278D59A200B296EB /* LocalizableVC.swift */; };
		A7CF99D3278B07710080996C /* Brandfetch.swift in Sources */ = {isa = PBXBuildFile; fileRef = A7CF99D2278B07710080996C /* Brandfetch.swift */; };
		A7CF99D8278C30A10080996C /* Kingfisher in Frameworks */ = {isa = PBXBuildFile; productRef = A7CF99D7278C30A10080996C /* Kingfisher */; };
		A7CF99DA278C34DE0080996C /* PublicFavoriteTVC.swift in Sources */ = {isa = PBXBuildFile; fileRef = A7CF99D9278C34DE0080996C /* PublicFavoriteTVC.swift */; };
		A7CF99DC278C35DE0080996C /* PublicFavoriteTVCell.swift in Sources */ = {isa = PBXBuildFile; fileRef = A7CF99DB278C35DE0080996C /* PublicFavoriteTVCell.swift */; };
		A7CF99DE278C3F710080996C /* CommentApi.swift in Sources */ = {isa = PBXBuildFile; fileRef = A7CF99DD278C3F710080996C /* CommentApi.swift */; };
		A7CF99E0278C48A20080996C /* Comment.swift in Sources */ = {isa = PBXBuildFile; fileRef = A7CF99DF278C48A10080996C /* Comment.swift */; };
		A7CF99EA278D11410080996C /* Localizable.strings in Resources */ = {isa = PBXBuildFile; fileRef = A7CF99EC278D11410080996C /* Localizable.strings */; };
		A7DD73CA2793F74600C19FDF /* Video.mp4 in Resources */ = {isa = PBXBuildFile; fileRef = A7DD73C92793F74600C19FDF /* Video.mp4 */; };
/* End PBXBuildFile section */

/* Begin PBXFileReference section */
		A70BD5D1279438D600FF9C39 /* ar-SA */ = {isa = PBXFileReference; lastKnownFileType = text.plist.strings; name = "ar-SA"; path = "ar-SA.lproj/Main.strings"; sourceTree = "<group>"; };
		A757A016277C440700465551 /* LogoVC.swift */ = {isa = PBXFileReference; lastKnownFileType = sourcecode.swift; path = LogoVC.swift; sourceTree = "<group>"; };
		A757A018277C445700465551 /* LogoTVCell.swift */ = {isa = PBXFileReference; lastKnownFileType = sourcecode.swift; path = LogoTVCell.swift; sourceTree = "<group>"; };
		A775B93E279521AB00A2B15B /* LogoIcone.entitlements */ = {isa = PBXFileReference; lastKnownFileType = text.plist.entitlements; path = LogoIcone.entitlements; sourceTree = "<group>"; };
		A778888B27784BDB0034E303 /* VideoVC.swift */ = {isa = PBXFileReference; lastKnownFileType = sourcecode.swift; path = VideoVC.swift; sourceTree = "<group>"; };
		A778888D27784CFA0034E303 /* ProfileTVC.swift */ = {isa = PBXFileReference; lastKnownFileType = sourcecode.swift; path = ProfileTVC.swift; sourceTree = "<group>"; };
		A778889727787CFE0034E303 /* SignInVC.swift */ = {isa = PBXFileReference; lastKnownFileType = sourcecode.swift; path = SignInVC.swift; sourceTree = "<group>"; };
		A778889927787E950034E303 /* User.swift */ = {isa = PBXFileReference; lastKnownFileType = sourcecode.swift; path = User.swift; sourceTree = "<group>"; };
		A778889B27787EED0034E303 /* UserApi.swift */ = {isa = PBXFileReference; lastKnownFileType = sourcecode.swift; path = UserApi.swift; sourceTree = "<group>"; };
		A778889D27787F610034E303 /* Icons.swift */ = {isa = PBXFileReference; lastKnownFileType = sourcecode.swift; path = Icons.swift; sourceTree = "<group>"; };
		A77888A0277880250034E303 /* SignUpVC.swift */ = {isa = PBXFileReference; lastKnownFileType = sourcecode.swift; path = SignUpVC.swift; sourceTree = "<group>"; };
		A783CD6227774BD000D1503B /* LogoIcone.app */ = {isa = PBXFileReference; explicitFileType = wrapper.application; includeInIndex = 0; path = LogoIcone.app; sourceTree = BUILT_PRODUCTS_DIR; };
		A783CD6527774BD000D1503B /* AppDelegate.swift */ = {isa = PBXFileReference; lastKnownFileType = sourcecode.swift; path = AppDelegate.swift; sourceTree = "<group>"; };
		A783CD6727774BD000D1503B /* SceneDelegate.swift */ = {isa = PBXFileReference; lastKnownFileType = sourcecode.swift; path = SceneDelegate.swift; sourceTree = "<group>"; };
		A783CD6927774BD000D1503B /* HomePageVC.swift */ = {isa = PBXFileReference; lastKnownFileType = sourcecode.swift; path = HomePageVC.swift; sourceTree = "<group>"; };
		A783CD6C27774BD000D1503B /* Base */ = {isa = PBXFileReference; lastKnownFileType = file.storyboard; name = Base; path = Base.lproj/Main.storyboard; sourceTree = "<group>"; };
		A783CD7127774BD300D1503B /* Assets.xcassets */ = {isa = PBXFileReference; lastKnownFileType = folder.assetcatalog; path = Assets.xcassets; sourceTree = "<group>"; };
		A783CD7427774BD300D1503B /* Base */ = {isa = PBXFileReference; lastKnownFileType = file.storyboard; name = Base; path = Base.lproj/LaunchScreen.storyboard; sourceTree = "<group>"; };
		A783CD7627774BD300D1503B /* Info.plist */ = {isa = PBXFileReference; lastKnownFileType = text.plist.xml; path = Info.plist; sourceTree = "<group>"; };
		A783CD9427779FED00D1503B /* HomeVC.swift */ = {isa = PBXFileReference; lastKnownFileType = sourcecode.swift; path = HomeVC.swift; sourceTree = "<group>"; };
		A79BDC972779AFD60029DADA /* CreateProfileVC.swift */ = {isa = PBXFileReference; lastKnownFileType = sourcecode.swift; path = CreateProfileVC.swift; sourceTree = "<group>"; };
		A79BDC992779B41E0029DADA /* CachingProfileManager.swift */ = {isa = PBXFileReference; lastKnownFileType = sourcecode.swift; path = CachingProfileManager.swift; sourceTree = "<group>"; };
		A79BDC9B277A252E0029DADA /* SearchVC.swift */ = {isa = PBXFileReference; lastKnownFileType = sourcecode.swift; path = SearchVC.swift; sourceTree = "<group>"; };
		A79BDCA1277B129D0029DADA /* Search+EX.swift */ = {isa = PBXFileReference; lastKnownFileType = sourcecode.swift; path = "Search+EX.swift"; sourceTree = "<group>"; };
		A79BDCA3277B17780029DADA /* Search+CollectionV.swift */ = {isa = PBXFileReference; lastKnownFileType = sourcecode.swift; path = "Search+CollectionV.swift"; sourceTree = "<group>"; };
		A79BDCA5277B17AC0029DADA /* CollectioViewCell.swift */ = {isa = PBXFileReference; lastKnownFileType = sourcecode.swift; path = CollectioViewCell.swift; sourceTree = "<group>"; };
		A79BDCA8277B1B000029DADA /* DownloadIconVC.swift */ = {isa = PBXFileReference; lastKnownFileType = sourcecode.swift; path = DownloadIconVC.swift; sourceTree = "<group>"; };
		A79BDCAE277B3A040029DADA /* GoogleService-Info.plist */ = {isa = PBXFileReference; fileEncoding = 4; lastKnownFileType = text.plist.xml; path = "GoogleService-Info.plist"; sourceTree = "<group>"; };
		A79BDCB3277B4E670029DADA /* TableMuneTVC.swift */ = {isa = PBXFileReference; lastKnownFileType = sourcecode.swift; path = TableMuneTVC.swift; sourceTree = "<group>"; };
		A7A2EA28278614CB00F01CBD /* YourCommentVC.swift */ = {isa = PBXFileReference; lastKnownFileType = sourcecode.swift; path = YourCommentVC.swift; sourceTree = "<group>"; };
		A7A2EA2A27862A6100F01CBD /* YourCommentTVCell.swift */ = {isa = PBXFileReference; lastKnownFileType = sourcecode.swift; path = YourCommentTVCell.swift; sourceTree = "<group>"; };
		A7BAA457278D59A200B296EB /* LocalizableVC.swift */ = {isa = PBXFileReference; lastKnownFileType = sourcecode.swift; path = LocalizableVC.swift; sourceTree = "<group>"; };
		A7CF99D2278B07710080996C /* Brandfetch.swift */ = {isa = PBXFileReference; lastKnownFileType = sourcecode.swift; path = Brandfetch.swift; sourceTree = "<group>"; };
		A7CF99D9278C34DE0080996C /* PublicFavoriteTVC.swift */ = {isa = PBXFileReference; lastKnownFileType = sourcecode.swift; path = PublicFavoriteTVC.swift; sourceTree = "<group>"; };
		A7CF99DB278C35DE0080996C /* PublicFavoriteTVCell.swift */ = {isa = PBXFileReference; lastKnownFileType = sourcecode.swift; path = PublicFavoriteTVCell.swift; sourceTree = "<group>"; };
		A7CF99DD278C3F710080996C /* CommentApi.swift */ = {isa = PBXFileReference; lastKnownFileType = sourcecode.swift; path = CommentApi.swift; sourceTree = "<group>"; };
		A7CF99DF278C48A10080996C /* Comment.swift */ = {isa = PBXFileReference; lastKnownFileType = sourcecode.swift; path = Comment.swift; sourceTree = "<group>"; };
		A7CF99E6278D10230080996C /* ar-SA */ = {isa = PBXFileReference; lastKnownFileType = text.plist.strings; name = "ar-SA"; path = "ar-SA.lproj/LaunchScreen.strings"; sourceTree = "<group>"; };
		A7CF99EB278D11410080996C /* ar-SA */ = {isa = PBXFileReference; lastKnownFileType = text.plist.strings; name = "ar-SA"; path = "ar-SA.lproj/Localizable.strings"; sourceTree = "<group>"; };
		A7DD73C92793F74600C19FDF /* Video.mp4 */ = {isa = PBXFileReference; lastKnownFileType = file; name = Video.mp4; path = ../../Video.mp4; sourceTree = "<group>"; };
/* End PBXFileReference section */

/* Begin PBXFrameworksBuildPhase section */
		A783CD5F27774BD000D1503B /* Frameworks */ = {
			isa = PBXFrameworksBuildPhase;
			buildActionMask = 2147483647;
			files = (
				A783CD82277755A400D1503B /* FirebaseAnalyticsSwift-Beta in Frameworks */,
				A783CD86277755A400D1503B /* FirebaseFirestore in Frameworks */,
				A783CD84277755A400D1503B /* FirebaseAuth in Frameworks */,
				A7CF99D8278C30A10080996C /* Kingfisher in Frameworks */,
				A7A2EA20278581AB00F01CBD /* FirebaseFirestoreSwift-Beta in Frameworks */,
				A7A2EA22278581B500F01CBD /* FirebaseStorage in Frameworks */,
				A7A2EA24278581C000F01CBD /* FirebaseStorageSwift-Beta in Frameworks */,
				A79BDCB2277B49DF0029DADA /* SideMenu in Frameworks */,
				A783CD80277755A400D1503B /* FirebaseAnalytics in Frameworks */,
			);
			runOnlyForDeploymentPostprocessing = 0;
		};
/* End PBXFrameworksBuildPhase section */

/* Begin PBXGroup section */
		A735D119278EBC4300E7D595 /* Comment */ = {
			isa = PBXGroup;
			children = (
				A7CF99DF278C48A10080996C /* Comment.swift */,
				A7CF99DD278C3F710080996C /* CommentApi.swift */,
			);
			path = Comment;
			sourceTree = "<group>";
		};
		A735D11A2790A01D00E7D595 /* API-Struct */ = {
			isa = PBXGroup;
			children = (
				A778889D27787F610034E303 /* Icons.swift */,
				A7CF99D2278B07710080996C /* Brandfetch.swift */,
			);
			path = "API-Struct";
			sourceTree = "<group>";
		};
		A757A015277C0B2000465551 /* Logo */ = {
			isa = PBXGroup;
			children = (
				A7CBFD7927929A4B0000E886 /* cell */,
				A757A016277C440700465551 /* LogoVC.swift */,
			);
			path = Logo;
			sourceTree = "<group>";
		};
		A778887C2777C6EF0034E303 /* SideMenu */ = {
			isa = PBXGroup;
			children = (
				A79BDCB3277B4E670029DADA /* TableMuneTVC.swift */,
			);
			path = SideMenu;
			sourceTree = "<group>";
		};
		A778889F27787FE80034E303 /* Registration */ = {
			isa = PBXGroup;
			children = (
				A778889727787CFE0034E303 /* SignInVC.swift */,
				A77888A0277880250034E303 /* SignUpVC.swift */,
				A79BDC972779AFD60029DADA /* CreateProfileVC.swift */,
				A778888D27784CFA0034E303 /* ProfileTVC.swift */,
			);
			path = Registration;
			sourceTree = "<group>";
		};
		A783CD5927774BD000D1503B = {
			isa = PBXGroup;
			children = (
				A783CD6427774BD000D1503B /* LogoIcone */,
				A783CD6327774BD000D1503B /* Products */,
				A7A2EA1E278581AA00F01CBD /* Frameworks */,
			);
			sourceTree = "<group>";
		};
		A783CD6327774BD000D1503B /* Products */ = {
			isa = PBXGroup;
			children = (
				A783CD6227774BD000D1503B /* LogoIcone.app */,
			);
			name = Products;
			sourceTree = "<group>";
		};
		A783CD6427774BD000D1503B /* LogoIcone */ = {
			isa = PBXGroup;
			children = (
				A775B93E279521AB00A2B15B /* LogoIcone.entitlements */,
				A783CD872777595A00D1503B /* Model */,
				A783CD882777597300D1503B /* View */,
				A783CD892777598900D1503B /* Controller */,
				A783CD6B27774BD000D1503B /* Main.storyboard */,
				A783CD7627774BD300D1503B /* Info.plist */,
				A79BDCAE277B3A040029DADA /* GoogleService-Info.plist */,
				A7CF99EC278D11410080996C /* Localizable.strings */,
			);
			path = LogoIcone;
			sourceTree = "<group>";
		};
		A783CD872777595A00D1503B /* Model */ = {
			isa = PBXGroup;
			children = (
				A7CF99E5278C5F7B0080996C /* User */,
				A735D119278EBC4300E7D595 /* Comment */,
				A735D11A2790A01D00E7D595 /* API-Struct */,
			);
			path = Model;
			sourceTree = "<group>";
		};
		A783CD882777597300D1503B /* View */ = {
			isa = PBXGroup;
			children = (
				A783CD6727774BD000D1503B /* SceneDelegate.swift */,
				A783CD6527774BD000D1503B /* AppDelegate.swift */,
				A7BAA457278D59A200B296EB /* LocalizableVC.swift */,
				A79BDC992779B41E0029DADA /* CachingProfileManager.swift */,
				A783CD7327774BD300D1503B /* LaunchScreen.storyboard */,
				A783CD7127774BD300D1503B /* Assets.xcassets */,
			);
			path = View;
			sourceTree = "<group>";
		};
		A783CD892777598900D1503B /* Controller */ = {
			isa = PBXGroup;
			children = (
				A7CC49B627936F7F005EB123 /* Video */,
				A778887C2777C6EF0034E303 /* SideMenu */,
				A783CD962777A84E00D1503B /* HomePage */,
				A778889F27787FE80034E303 /* Registration */,
				A79BDC9D277AE9630029DADA /* SearchIcon */,
				A757A015277C0B2000465551 /* Logo */,
				A79BDCA7277B1AA20029DADA /* DownloadVC */,
				A7CF99E4278C5EF20080996C /* UserComment */,
				A7CF99E3278C5EEC0080996C /* PublicComment */,
			);
			path = Controller;
			sourceTree = "<group>";
		};
		A783CD962777A84E00D1503B /* HomePage */ = {
			isa = PBXGroup;
			children = (
				A783CD6927774BD000D1503B /* HomePageVC.swift */,
				A783CD9427779FED00D1503B /* HomeVC.swift */,
			);
			path = HomePage;
			sourceTree = "<group>";
		};
		A79BDC9D277AE9630029DADA /* SearchIcon */ = {
			isa = PBXGroup;
			children = (
				A79BDC9E277AE9910029DADA /* Cell */,
				A79BDC9B277A252E0029DADA /* SearchVC.swift */,
				A79BDCA1277B129D0029DADA /* Search+EX.swift */,
				A79BDCA3277B17780029DADA /* Search+CollectionV.swift */,
			);
			path = SearchIcon;
			sourceTree = "<group>";
		};
		A79BDC9E277AE9910029DADA /* Cell */ = {
			isa = PBXGroup;
			children = (
				A79BDCA5277B17AC0029DADA /* CollectioViewCell.swift */,
			);
			path = Cell;
			sourceTree = "<group>";
		};
		A79BDCA7277B1AA20029DADA /* DownloadVC */ = {
			isa = PBXGroup;
			children = (
				A79BDCA8277B1B000029DADA /* DownloadIconVC.swift */,
			);
			path = DownloadVC;
			sourceTree = "<group>";
		};
		A7A2EA1E278581AA00F01CBD /* Frameworks */ = {
			isa = PBXGroup;
			children = (
			);
			name = Frameworks;
			sourceTree = "<group>";
		};
		A7CBFD7927929A4B0000E886 /* cell */ = {
			isa = PBXGroup;
			children = (
				A757A018277C445700465551 /* LogoTVCell.swift */,
			);
			path = cell;
			sourceTree = "<group>";
		};
		A7CBFD7C279305070000E886 /* cell */ = {
			isa = PBXGroup;
			children = (
				A7A2EA2A27862A6100F01CBD /* YourCommentTVCell.swift */,
			);
			path = cell;
			sourceTree = "<group>";
		};
		A7CBFD7D27930FB30000E886 /* cell */ = {
			isa = PBXGroup;
			children = (
				A7CF99DB278C35DE0080996C /* PublicFavoriteTVCell.swift */,
			);
			path = cell;
			sourceTree = "<group>";
		};
		A7CC49B627936F7F005EB123 /* Video */ = {
			isa = PBXGroup;
			children = (
				A778888B27784BDB0034E303 /* VideoVC.swift */,
				A7DD73C92793F74600C19FDF /* Video.mp4 */,
			);
			path = Video;
			sourceTree = "<group>";
		};
		A7CF99E3278C5EEC0080996C /* PublicComment */ = {
			isa = PBXGroup;
			children = (
				A7CBFD7D27930FB30000E886 /* cell */,
				A7CF99D9278C34DE0080996C /* PublicFavoriteTVC.swift */,
			);
			path = PublicComment;
			sourceTree = "<group>";
		};
		A7CF99E4278C5EF20080996C /* UserComment */ = {
			isa = PBXGroup;
			children = (
				A7CBFD7C279305070000E886 /* cell */,
				A7A2EA28278614CB00F01CBD /* YourCommentVC.swift */,
			);
			path = UserComment;
			sourceTree = "<group>";
		};
		A7CF99E5278C5F7B0080996C /* User */ = {
			isa = PBXGroup;
			children = (
				A778889927787E950034E303 /* User.swift */,
				A778889B27787EED0034E303 /* UserApi.swift */,
			);
			path = User;
			sourceTree = "<group>";
		};
/* End PBXGroup section */

/* Begin PBXNativeTarget section */
		A783CD6127774BD000D1503B /* LogoIcone */ = {
			isa = PBXNativeTarget;
			buildConfigurationList = A783CD7927774BD300D1503B /* Build configuration list for PBXNativeTarget "LogoIcone" */;
			buildPhases = (
				A783CD5E27774BD000D1503B /* Sources */,
				A783CD5F27774BD000D1503B /* Frameworks */,
				A783CD6027774BD000D1503B /* Resources */,
			);
			buildRules = (
			);
			dependencies = (
			);
			name = LogoIcone;
			packageProductDependencies = (
				A783CD7F277755A400D1503B /* FirebaseAnalytics */,
				A783CD81277755A400D1503B /* FirebaseAnalyticsSwift-Beta */,
				A783CD83277755A400D1503B /* FirebaseAuth */,
				A783CD85277755A400D1503B /* FirebaseFirestore */,
				A79BDCB1277B49DF0029DADA /* SideMenu */,
				A7A2EA1F278581AB00F01CBD /* FirebaseFirestoreSwift-Beta */,
				A7A2EA21278581B500F01CBD /* FirebaseStorage */,
				A7A2EA23278581C000F01CBD /* FirebaseStorageSwift-Beta */,
				A7CF99D7278C30A10080996C /* Kingfisher */,
			);
			productName = LogoIcone;
			productReference = A783CD6227774BD000D1503B /* LogoIcone.app */;
			productType = "com.apple.product-type.application";
		};
/* End PBXNativeTarget section */

/* Begin PBXProject section */
		A783CD5A27774BD000D1503B /* Project object */ = {
			isa = PBXProject;
			attributes = {
				BuildIndependentTargetsInParallel = 1;
				LastSwiftUpdateCheck = 1300;
				LastUpgradeCheck = 1300;
				TargetAttributes = {
					A783CD6127774BD000D1503B = {
						CreatedOnToolsVersion = 13.0;
					};
				};
			};
			buildConfigurationList = A783CD5D27774BD000D1503B /* Build configuration list for PBXProject "LogoIcone" */;
			compatibilityVersion = "Xcode 13.0";
			developmentRegion = en;
			hasScannedForEncodings = 0;
			knownRegions = (
				en,
				Base,
				"ar-SA",
			);
			mainGroup = A783CD5927774BD000D1503B;
			packageReferences = (
				A783CD7E277755A400D1503B /* XCRemoteSwiftPackageReference "firebase-ios-sdk" */,
				A79BDCB0277B49DF0029DADA /* XCRemoteSwiftPackageReference "SideMenu" */,
				A7CF99D6278C30A10080996C /* XCRemoteSwiftPackageReference "Kingfisher" */,
			);
			productRefGroup = A783CD6327774BD000D1503B /* Products */;
			projectDirPath = "";
			projectRoot = "";
			targets = (
				A783CD6127774BD000D1503B /* LogoIcone */,
			);
		};
/* End PBXProject section */

/* Begin PBXResourcesBuildPhase section */
		A783CD6027774BD000D1503B /* Resources */ = {
			isa = PBXResourcesBuildPhase;
			buildActionMask = 2147483647;
			files = (
				A7CF99EA278D11410080996C /* Localizable.strings in Resources */,
				A783CD7527774BD300D1503B /* LaunchScreen.storyboard in Resources */,
				A783CD7227774BD300D1503B /* Assets.xcassets in Resources */,
				A79BDCAF277B3A050029DADA /* GoogleService-Info.plist in Resources */,
				A783CD6D27774BD000D1503B /* Main.storyboard in Resources */,
				A7DD73CA2793F74600C19FDF /* Video.mp4 in Resources */,
			);
			runOnlyForDeploymentPostprocessing = 0;
		};
/* End PBXResourcesBuildPhase section */

/* Begin PBXSourcesBuildPhase section */
		A783CD5E27774BD000D1503B /* Sources */ = {
			isa = PBXSourcesBuildPhase;
			buildActionMask = 2147483647;
			files = (
				A79BDCB4277B4E670029DADA /* TableMuneTVC.swift in Sources */,
				A757A017277C440700465551 /* LogoVC.swift in Sources */,
				A778888E27784CFA0034E303 /* ProfileTVC.swift in Sources */,
				A778889E27787F610034E303 /* Icons.swift in Sources */,
				A778889C27787EED0034E303 /* UserApi.swift in Sources */,
				A79BDCA9277B1B000029DADA /* DownloadIconVC.swift in Sources */,
				A7CF99DA278C34DE0080996C /* PublicFavoriteTVC.swift in Sources */,
				A79BDC9C277A252E0029DADA /* SearchVC.swift in Sources */,
				A783CD6A27774BD000D1503B /* HomePageVC.swift in Sources */,
				A79BDC982779AFD60029DADA /* CreateProfileVC.swift in Sources */,
				A783CD9527779FED00D1503B /* HomeVC.swift in Sources */,
				A778889827787CFE0034E303 /* SignInVC.swift in Sources */,
				A7CF99DE278C3F710080996C /* CommentApi.swift in Sources */,
				A79BDCA6277B17AC0029DADA /* CollectioViewCell.swift in Sources */,
				A778888C27784BDB0034E303 /* VideoVC.swift in Sources */,
				A77888A1277880250034E303 /* SignUpVC.swift in Sources */,
				A7BAA458278D59A200B296EB /* LocalizableVC.swift in Sources */,
				A7CF99D3278B07710080996C /* Brandfetch.swift in Sources */,
				A778889A27787E950034E303 /* User.swift in Sources */,
				A783CD6627774BD000D1503B /* AppDelegate.swift in Sources */,
				A7A2EA29278614CB00F01CBD /* YourCommentVC.swift in Sources */,
				A79BDC9A2779B41E0029DADA /* CachingProfileManager.swift in Sources */,
				A783CD6827774BD000D1503B /* SceneDelegate.swift in Sources */,
				A7CF99E0278C48A20080996C /* Comment.swift in Sources */,
				A79BDCA4277B17780029DADA /* Search+CollectionV.swift in Sources */,
				A7A2EA2B27862A6100F01CBD /* YourCommentTVCell.swift in Sources */,
				A7CF99DC278C35DE0080996C /* PublicFavoriteTVCell.swift in Sources */,
				A757A019277C445700465551 /* LogoTVCell.swift in Sources */,
				A79BDCA2277B129D0029DADA /* Search+EX.swift in Sources */,
			);
			runOnlyForDeploymentPostprocessing = 0;
		};
/* End PBXSourcesBuildPhase section */

/* Begin PBXVariantGroup section */
		A783CD6B27774BD000D1503B /* Main.storyboard */ = {
			isa = PBXVariantGroup;
			children = (
				A783CD6C27774BD000D1503B /* Base */,
				A70BD5D1279438D600FF9C39 /* ar-SA */,
			);
			name = Main.storyboard;
			sourceTree = "<group>";
		};
		A783CD7327774BD300D1503B /* LaunchScreen.storyboard */ = {
			isa = PBXVariantGroup;
			children = (
				A783CD7427774BD300D1503B /* Base */,
				A7CF99E6278D10230080996C /* ar-SA */,
			);
			name = LaunchScreen.storyboard;
			sourceTree = "<group>";
		};
		A7CF99EC278D11410080996C /* Localizable.strings */ = {
			isa = PBXVariantGroup;
			children = (
				A7CF99EB278D11410080996C /* ar-SA */,
			);
			name = Localizable.strings;
			sourceTree = "<group>";
		};
/* End PBXVariantGroup section */

/* Begin XCBuildConfiguration section */
		A783CD7727774BD300D1503B /* Debug */ = {
			isa = XCBuildConfiguration;
			buildSettings = {
				ALWAYS_SEARCH_USER_PATHS = NO;
				CLANG_ANALYZER_LOCALIZABILITY_NONLOCALIZED = YES;
				CLANG_ANALYZER_NONNULL = YES;
				CLANG_ANALYZER_NUMBER_OBJECT_CONVERSION = YES_AGGRESSIVE;
				CLANG_CXX_LANGUAGE_STANDARD = "gnu++17";
				CLANG_CXX_LIBRARY = "libc++";
				CLANG_ENABLE_MODULES = YES;
				CLANG_ENABLE_OBJC_ARC = YES;
				CLANG_ENABLE_OBJC_WEAK = YES;
				CLANG_WARN_BLOCK_CAPTURE_AUTORELEASING = YES;
				CLANG_WARN_BOOL_CONVERSION = YES;
				CLANG_WARN_COMMA = YES;
				CLANG_WARN_CONSTANT_CONVERSION = YES;
				CLANG_WARN_DEPRECATED_OBJC_IMPLEMENTATIONS = YES;
				CLANG_WARN_DIRECT_OBJC_ISA_USAGE = YES_ERROR;
				CLANG_WARN_DOCUMENTATION_COMMENTS = YES;
				CLANG_WARN_EMPTY_BODY = YES;
				CLANG_WARN_ENUM_CONVERSION = YES;
				CLANG_WARN_INFINITE_RECURSION = YES;
				CLANG_WARN_INT_CONVERSION = YES;
				CLANG_WARN_NON_LITERAL_NULL_CONVERSION = YES;
				CLANG_WARN_OBJC_IMPLICIT_RETAIN_SELF = YES;
				CLANG_WARN_OBJC_LITERAL_CONVERSION = YES;
				CLANG_WARN_OBJC_ROOT_CLASS = YES_ERROR;
				CLANG_WARN_QUOTED_INCLUDE_IN_FRAMEWORK_HEADER = YES;
				CLANG_WARN_RANGE_LOOP_ANALYSIS = YES;
				CLANG_WARN_STRICT_PROTOTYPES = YES;
				CLANG_WARN_SUSPICIOUS_MOVE = YES;
				CLANG_WARN_UNGUARDED_AVAILABILITY = YES_AGGRESSIVE;
				CLANG_WARN_UNREACHABLE_CODE = YES;
				CLANG_WARN__DUPLICATE_METHOD_MATCH = YES;
				COPY_PHASE_STRIP = NO;
				DEBUG_INFORMATION_FORMAT = dwarf;
				ENABLE_STRICT_OBJC_MSGSEND = YES;
				ENABLE_TESTABILITY = YES;
				GCC_C_LANGUAGE_STANDARD = gnu11;
				GCC_DYNAMIC_NO_PIC = NO;
				GCC_NO_COMMON_BLOCKS = YES;
				GCC_OPTIMIZATION_LEVEL = 0;
				GCC_PREPROCESSOR_DEFINITIONS = (
					"DEBUG=1",
					"$(inherited)",
				);
				GCC_WARN_64_TO_32_BIT_CONVERSION = YES;
				GCC_WARN_ABOUT_RETURN_TYPE = YES_ERROR;
				GCC_WARN_UNDECLARED_SELECTOR = YES;
				GCC_WARN_UNINITIALIZED_AUTOS = YES_AGGRESSIVE;
				GCC_WARN_UNUSED_FUNCTION = YES;
				GCC_WARN_UNUSED_VARIABLE = YES;
				IPHONEOS_DEPLOYMENT_TARGET = 15.0;
				MTL_ENABLE_DEBUG_INFO = INCLUDE_SOURCE;
				MTL_FAST_MATH = YES;
				ONLY_ACTIVE_ARCH = YES;
				SDKROOT = iphoneos;
				SWIFT_ACTIVE_COMPILATION_CONDITIONS = DEBUG;
				SWIFT_OPTIMIZATION_LEVEL = "-Onone";
			};
			name = Debug;
		};
		A783CD7827774BD300D1503B /* Release */ = {
			isa = XCBuildConfiguration;
			buildSettings = {
				ALWAYS_SEARCH_USER_PATHS = NO;
				CLANG_ANALYZER_LOCALIZABILITY_NONLOCALIZED = YES;
				CLANG_ANALYZER_NONNULL = YES;
				CLANG_ANALYZER_NUMBER_OBJECT_CONVERSION = YES_AGGRESSIVE;
				CLANG_CXX_LANGUAGE_STANDARD = "gnu++17";
				CLANG_CXX_LIBRARY = "libc++";
				CLANG_ENABLE_MODULES = YES;
				CLANG_ENABLE_OBJC_ARC = YES;
				CLANG_ENABLE_OBJC_WEAK = YES;
				CLANG_WARN_BLOCK_CAPTURE_AUTORELEASING = YES;
				CLANG_WARN_BOOL_CONVERSION = YES;
				CLANG_WARN_COMMA = YES;
				CLANG_WARN_CONSTANT_CONVERSION = YES;
				CLANG_WARN_DEPRECATED_OBJC_IMPLEMENTATIONS = YES;
				CLANG_WARN_DIRECT_OBJC_ISA_USAGE = YES_ERROR;
				CLANG_WARN_DOCUMENTATION_COMMENTS = YES;
				CLANG_WARN_EMPTY_BODY = YES;
				CLANG_WARN_ENUM_CONVERSION = YES;
				CLANG_WARN_INFINITE_RECURSION = YES;
				CLANG_WARN_INT_CONVERSION = YES;
				CLANG_WARN_NON_LITERAL_NULL_CONVERSION = YES;
				CLANG_WARN_OBJC_IMPLICIT_RETAIN_SELF = YES;
				CLANG_WARN_OBJC_LITERAL_CONVERSION = YES;
				CLANG_WARN_OBJC_ROOT_CLASS = YES_ERROR;
				CLANG_WARN_QUOTED_INCLUDE_IN_FRAMEWORK_HEADER = YES;
				CLANG_WARN_RANGE_LOOP_ANALYSIS = YES;
				CLANG_WARN_STRICT_PROTOTYPES = YES;
				CLANG_WARN_SUSPICIOUS_MOVE = YES;
				CLANG_WARN_UNGUARDED_AVAILABILITY = YES_AGGRESSIVE;
				CLANG_WARN_UNREACHABLE_CODE = YES;
				CLANG_WARN__DUPLICATE_METHOD_MATCH = YES;
				COPY_PHASE_STRIP = NO;
				DEBUG_INFORMATION_FORMAT = "dwarf-with-dsym";
				ENABLE_NS_ASSERTIONS = NO;
				ENABLE_STRICT_OBJC_MSGSEND = YES;
				GCC_C_LANGUAGE_STANDARD = gnu11;
				GCC_NO_COMMON_BLOCKS = YES;
				GCC_WARN_64_TO_32_BIT_CONVERSION = YES;
				GCC_WARN_ABOUT_RETURN_TYPE = YES_ERROR;
				GCC_WARN_UNDECLARED_SELECTOR = YES;
				GCC_WARN_UNINITIALIZED_AUTOS = YES_AGGRESSIVE;
				GCC_WARN_UNUSED_FUNCTION = YES;
				GCC_WARN_UNUSED_VARIABLE = YES;
				IPHONEOS_DEPLOYMENT_TARGET = 15.0;
				MTL_ENABLE_DEBUG_INFO = NO;
				MTL_FAST_MATH = YES;
				SDKROOT = iphoneos;
				SWIFT_COMPILATION_MODE = wholemodule;
				SWIFT_OPTIMIZATION_LEVEL = "-O";
				VALIDATE_PRODUCT = YES;
			};
			name = Release;
		};
		A783CD7A27774BD300D1503B /* Debug */ = {
			isa = XCBuildConfiguration;
			buildSettings = {
				ASSETCATALOG_COMPILER_APPICON_NAME = AppIcon;
				ASSETCATALOG_COMPILER_GLOBAL_ACCENT_COLOR_NAME = AccentColor;
				CODE_SIGN_ENTITLEMENTS = LogoIcone/LogoIcone.entitlements;
				CODE_SIGN_STYLE = Automatic;
				CURRENT_PROJECT_VERSION = 1;
				DEVELOPMENT_TEAM = A3H9JP34RY;
				GENERATE_INFOPLIST_FILE = YES;
				INFOPLIST_FILE = LogoIcone/Info.plist;
				INFOPLIST_KEY_NSPhotoLibraryAddUsageDescription = "we need to add photos to your library";
				INFOPLIST_KEY_UIApplicationSupportsIndirectInputEvents = YES;
				INFOPLIST_KEY_UILaunchStoryboardName = LaunchScreen;
				INFOPLIST_KEY_UIMainStoryboardFile = Main;
				INFOPLIST_KEY_UISupportedInterfaceOrientations_iPad = "UIInterfaceOrientationPortrait UIInterfaceOrientationPortraitUpsideDown UIInterfaceOrientationLandscapeLeft UIInterfaceOrientationLandscapeRight";
				INFOPLIST_KEY_UISupportedInterfaceOrientations_iPhone = "UIInterfaceOrientationPortrait UIInterfaceOrientationLandscapeLeft UIInterfaceOrientationLandscapeRight";
				LD_RUNPATH_SEARCH_PATHS = (
					"$(inherited)",
					"@executable_path/Frameworks",
				);
				MARKETING_VERSION = 1.0;
				PRODUCT_BUNDLE_IDENTIFIER = com.monafh.LogoIcone;
				PRODUCT_NAME = "$(TARGET_NAME)";
				SWIFT_EMIT_LOC_STRINGS = YES;
				SWIFT_VERSION = 5.0;
				TARGETED_DEVICE_FAMILY = "1,2";
			};
			name = Debug;
		};
		A783CD7B27774BD300D1503B /* Release */ = {
			isa = XCBuildConfiguration;
			buildSettings = {
				ASSETCATALOG_COMPILER_APPICON_NAME = AppIcon;
				ASSETCATALOG_COMPILER_GLOBAL_ACCENT_COLOR_NAME = AccentColor;
				CODE_SIGN_ENTITLEMENTS = LogoIcone/LogoIcone.entitlements;
				CODE_SIGN_STYLE = Automatic;
				CURRENT_PROJECT_VERSION = 1;
				DEVELOPMENT_TEAM = A3H9JP34RY;
				GENERATE_INFOPLIST_FILE = YES;
				INFOPLIST_FILE = LogoIcone/Info.plist;
				INFOPLIST_KEY_NSPhotoLibraryAddUsageDescription = "we need to add photos to your library";
				INFOPLIST_KEY_UIApplicationSupportsIndirectInputEvents = YES;
				INFOPLIST_KEY_UILaunchStoryboardName = LaunchScreen;
				INFOPLIST_KEY_UIMainStoryboardFile = Main;
				INFOPLIST_KEY_UISupportedInterfaceOrientations_iPad = "UIInterfaceOrientationPortrait UIInterfaceOrientationPortraitUpsideDown UIInterfaceOrientationLandscapeLeft UIInterfaceOrientationLandscapeRight";
				INFOPLIST_KEY_UISupportedInterfaceOrientations_iPhone = "UIInterfaceOrientationPortrait UIInterfaceOrientationLandscapeLeft UIInterfaceOrientationLandscapeRight";
				LD_RUNPATH_SEARCH_PATHS = (
					"$(inherited)",
					"@executable_path/Frameworks",
				);
				MARKETING_VERSION = 1.0;
				PRODUCT_BUNDLE_IDENTIFIER = com.monafh.LogoIcone;
				PRODUCT_NAME = "$(TARGET_NAME)";
				SWIFT_EMIT_LOC_STRINGS = YES;
				SWIFT_VERSION = 5.0;
				TARGETED_DEVICE_FAMILY = "1,2";
			};
			name = Release;
		};
/* End XCBuildConfiguration section */

/* Begin XCConfigurationList section */
		A783CD5D27774BD000D1503B /* Build configuration list for PBXProject "LogoIcone" */ = {
			isa = XCConfigurationList;
			buildConfigurations = (
				A783CD7727774BD300D1503B /* Debug */,
				A783CD7827774BD300D1503B /* Release */,
			);
			defaultConfigurationIsVisible = 0;
			defaultConfigurationName = Release;
		};
		A783CD7927774BD300D1503B /* Build configuration list for PBXNativeTarget "LogoIcone" */ = {
			isa = XCConfigurationList;
			buildConfigurations = (
				A783CD7A27774BD300D1503B /* Debug */,
				A783CD7B27774BD300D1503B /* Release */,
			);
			defaultConfigurationIsVisible = 0;
			defaultConfigurationName = Release;
		};
/* End XCConfigurationList section */

/* Begin XCRemoteSwiftPackageReference section */
		A783CD7E277755A400D1503B /* XCRemoteSwiftPackageReference "firebase-ios-sdk" */ = {
			isa = XCRemoteSwiftPackageReference;
			repositoryURL = "https://github.com/firebase/firebase-ios-sdk";
			requirement = {
				kind = upToNextMajorVersion;
				minimumVersion = 8.0.0;
			};
		};
		A79BDCB0277B49DF0029DADA /* XCRemoteSwiftPackageReference "SideMenu" */ = {
			isa = XCRemoteSwiftPackageReference;
			repositoryURL = "https://github.com/jonkykong/SideMenu.git";
			requirement = {
				kind = upToNextMajorVersion;
				minimumVersion = 6.0.0;
			};
		};
		A7CF99D6278C30A10080996C /* XCRemoteSwiftPackageReference "Kingfisher" */ = {
			isa = XCRemoteSwiftPackageReference;
			repositoryURL = "https://github.com/onevcat/Kingfisher.git";
			requirement = {
				kind = upToNextMajorVersion;
				minimumVersion = 7.0.0;
			};
		};
/* End XCRemoteSwiftPackageReference section */

/* Begin XCSwiftPackageProductDependency section */
		A783CD7F277755A400D1503B /* FirebaseAnalytics */ = {
			isa = XCSwiftPackageProductDependency;
			package = A783CD7E277755A400D1503B /* XCRemoteSwiftPackageReference "firebase-ios-sdk" */;
			productName = FirebaseAnalytics;
		};
		A783CD81277755A400D1503B /* FirebaseAnalyticsSwift-Beta */ = {
			isa = XCSwiftPackageProductDependency;
			package = A783CD7E277755A400D1503B /* XCRemoteSwiftPackageReference "firebase-ios-sdk" */;
			productName = "FirebaseAnalyticsSwift-Beta";
		};
		A783CD83277755A400D1503B /* FirebaseAuth */ = {
			isa = XCSwiftPackageProductDependency;
			package = A783CD7E277755A400D1503B /* XCRemoteSwiftPackageReference "firebase-ios-sdk" */;
			productName = FirebaseAuth;
		};
		A783CD85277755A400D1503B /* FirebaseFirestore */ = {
			isa = XCSwiftPackageProductDependency;
			package = A783CD7E277755A400D1503B /* XCRemoteSwiftPackageReference "firebase-ios-sdk" */;
			productName = FirebaseFirestore;
		};
		A79BDCB1277B49DF0029DADA /* SideMenu */ = {
			isa = XCSwiftPackageProductDependency;
			package = A79BDCB0277B49DF0029DADA /* XCRemoteSwiftPackageReference "SideMenu" */;
			productName = SideMenu;
		};
		A7A2EA1F278581AB00F01CBD /* FirebaseFirestoreSwift-Beta */ = {
			isa = XCSwiftPackageProductDependency;
			package = A783CD7E277755A400D1503B /* XCRemoteSwiftPackageReference "firebase-ios-sdk" */;
			productName = "FirebaseFirestoreSwift-Beta";
		};
		A7A2EA21278581B500F01CBD /* FirebaseStorage */ = {
			isa = XCSwiftPackageProductDependency;
			package = A783CD7E277755A400D1503B /* XCRemoteSwiftPackageReference "firebase-ios-sdk" */;
			productName = FirebaseStorage;
		};
		A7A2EA23278581C000F01CBD /* FirebaseStorageSwift-Beta */ = {
			isa = XCSwiftPackageProductDependency;
			package = A783CD7E277755A400D1503B /* XCRemoteSwiftPackageReference "firebase-ios-sdk" */;
			productName = "FirebaseStorageSwift-Beta";
		};
		A7CF99D7278C30A10080996C /* Kingfisher */ = {
			isa = XCSwiftPackageProductDependency;
			package = A7CF99D6278C30A10080996C /* XCRemoteSwiftPackageReference "Kingfisher" */;
			productName = Kingfisher;
		};
/* End XCSwiftPackageProductDependency section */
	};
	rootObject = A783CD5A27774BD000D1503B /* Project object */;
}
